
Microsoft Visual Studio Solution File, Format Version 12.00
# Visual Studio Version 17
VisualStudioVersion = 17.5.33516.290
MinimumVisualStudioVersion = 10.0.40219.1
Project("{FAE04EC0-301F-11D3-BF4B-00C04F79EFBC}") = "MultiTenancy", "MultiTenancy\MultiTenancy.csproj", "{1163D064-4F74-4EAC-A3A5-3D1CC66BDB68}"
EndProject
Global
	GlobalSection(SolutionConfigurationPlatforms) = preSolution
		Debug|Any CPU = Debug|Any CPU
		Release|Any CPU = Release|Any CPU
	EndGlobalSection
	GlobalSection(ProjectConfigurationPlatforms) = postSolution
		{1163D064-4F74-4EAC-A3A5-3D1CC66BDB68}.Debug|Any CPU.ActiveCfg = Debug|Any CPU
		{1163D064-4F74-4EAC-A3A5-3D1CC66BDB68}.Debug|Any CPU.Build.0 = Debug|Any CPU
		{1163D064-4F74-4EAC-A3A5-3D1CC66BDB68}.Release|Any CPU.ActiveCfg = Release|Any CPU
		{1163D064-4F74-4EAC-A3A5-3D1CC66BDB68}.Release|Any CPU.Build.0 = Release|Any CPU
	EndGlobalSection
	GlobalSection(SolutionProperties) = preSolution
		HideSolutionNode = FALSE
	EndGlobalSection
	GlobalSection(ExtensibilityGlobals) = postSolution
		SolutionGuid = {30C9E296-313D-4A83-B4A1-7702030173A6}
	EndGlobalSection
EndGlobal
